
Microsoft Visual Studio Solution File, Format Version 12.00
# Visual Studio 2012
Project("{FAE04EC0-301F-11D3-BF4B-00C04F79EFBC}") = "WF", "WF\WF.csproj", "{E09A97E8-AD76-4E22-A9C0-D41C77579C7C}"
EndProject
Project("{2150E333-8FDC-42A3-9474-1A3956D46DE8}") = ".nuget", ".nuget", "{5FE2A40D-DEE2-4600-8FF5-1A6C1FE034BD}"
	ProjectSection(SolutionItems) = preProject
		.nuget\NuGet.Config = .nuget\NuGet.Config
		.nuget\NuGet.exe = .nuget\NuGet.exe
		.nuget\NuGet.targets = .nuget\NuGet.targets
	EndProjectSection
EndProject
Project("{FAE04EC0-301F-11D3-BF4B-00C04F79EFBC}") = "WF.DataAccess", "WF.DataAccess\WF.DataAccess.csproj", "{B4095BEF-917A-44DA-96C7-52A1E214BBF6}"
EndProject
Project("{FAE04EC0-301F-11D3-BF4B-00C04F79EFBC}") = "WF.Model", "WF.Model\WF.Model.csproj", "{A3DE5E50-A48A-4025-AEF5-2677BD9C7BB7}"
EndProject
Project("{FAE04EC0-301F-11D3-BF4B-00C04F79EFBC}") = "WF.Domain", "WF.Domain\WF.Domain.csproj", "{833125B1-2D1A-4EBB-9BBB-536864F2B825}"
EndProject
Global
	GlobalSection(SolutionConfigurationPlatforms) = preSolution
		Debug|Any CPU = Debug|Any CPU
		Release|Any CPU = Release|Any CPU
	EndGlobalSection
	GlobalSection(ProjectConfigurationPlatforms) = postSolution
		{E09A97E8-AD76-4E22-A9C0-D41C77579C7C}.Debug|Any CPU.ActiveCfg = Debug|Any CPU
		{E09A97E8-AD76-4E22-A9C0-D41C77579C7C}.Debug|Any CPU.Build.0 = Debug|Any CPU
		{E09A97E8-AD76-4E22-A9C0-D41C77579C7C}.Release|Any CPU.ActiveCfg = Release|Any CPU
		{E09A97E8-AD76-4E22-A9C0-D41C77579C7C}.Release|Any CPU.Build.0 = Release|Any CPU
		{B4095BEF-917A-44DA-96C7-52A1E214BBF6}.Debug|Any CPU.ActiveCfg = Debug|Any CPU
		{B4095BEF-917A-44DA-96C7-52A1E214BBF6}.Debug|Any CPU.Build.0 = Debug|Any CPU
		{B4095BEF-917A-44DA-96C7-52A1E214BBF6}.Release|Any CPU.ActiveCfg = Release|Any CPU
		{B4095BEF-917A-44DA-96C7-52A1E214BBF6}.Release|Any CPU.Build.0 = Release|Any CPU
		{A3DE5E50-A48A-4025-AEF5-2677BD9C7BB7}.Debug|Any CPU.ActiveCfg = Debug|Any CPU
		{A3DE5E50-A48A-4025-AEF5-2677BD9C7BB7}.Debug|Any CPU.Build.0 = Debug|Any CPU
		{A3DE5E50-A48A-4025-AEF5-2677BD9C7BB7}.Release|Any CPU.ActiveCfg = Release|Any CPU
		{A3DE5E50-A48A-4025-AEF5-2677BD9C7BB7}.Release|Any CPU.Build.0 = Release|Any CPU
		{833125B1-2D1A-4EBB-9BBB-536864F2B825}.Debug|Any CPU.ActiveCfg = Debug|Any CPU
		{833125B1-2D1A-4EBB-9BBB-536864F2B825}.Debug|Any CPU.Build.0 = Debug|Any CPU
		{833125B1-2D1A-4EBB-9BBB-536864F2B825}.Release|Any CPU.ActiveCfg = Release|Any CPU
		{833125B1-2D1A-4EBB-9BBB-536864F2B825}.Release|Any CPU.Build.0 = Release|Any CPU
	EndGlobalSection
	GlobalSection(SolutionProperties) = preSolution
		HideSolutionNode = FALSE
	EndGlobalSection
EndGlobal
